<?xml version="1.0" encoding="utf-8"?>
<Project ToolsVersion="4.0" xmlns="http://schemas.microsoft.com/developer/msbuild/2003">
  <ItemGroup>
    <Filter Include="Header Files">
      <UniqueIdentifier>{93995380-89BD-4b04-88EB-625FBE52EBFB}</UniqueIdentifier>
      <Extensions>h;hh;hpp;hxx;hm;inl;inc;xsd</Extensions>
    </Filter>
    <Filter Include="Resource Files">
      <UniqueIdentifier>{67DA6AB6-F800-4c08-8B7A-83BB121AAD01}</UniqueIdentifier>
      <Extensions>rc;ico;cur;bmp;dlg;rc2;rct;bin;rgs;gif;jpg;jpeg;jpe;resx;tiff;tif;png;wav;mfcribbon-ms</Extensions>
    </Filter>
    <Filter Include="Base Components">
      <UniqueIdentifier>{0256bef8-ae1b-4110-8834-117e36aef6ab}</UniqueIdentifier>
    </Filter>
    <Filter Include="Base Components\Headers">
      <UniqueIdentifier>{22b9fd76-436c-4eb4-8924-bfd0e9010d89}</UniqueIdentifier>
    </Filter>
    <Filter Include="Base Components\Source">
      <UniqueIdentifier>{44d0b8a8-0b3f-41a0-8111-3d298afa325c}</UniqueIdentifier>
    </Filter>
    <Filter Include="Game Object">
      <UniqueIdentifier>{ee23fe53-0a5a-458f-91f4-bb892bac39d4}</UniqueIdentifier>
    </Filter>
    <Filter Include="Game State Manager">
      <UniqueIdentifier>{23ba157c-909c-451b-861b-a578de2dbf31}</UniqueIdentifier>
    </Filter>
    <Filter Include="Math">
      <UniqueIdentifier>{0415c2a5-7010-4221-97aa-9387abcbd582}</UniqueIdentifier>
    </Filter>
    <Filter Include="Sprite">
      <UniqueIdentifier>{e0c344b1-949a-487f-9eb0-ad4c22cb3575}</UniqueIdentifier>
    </Filter>
    <Filter Include="Systems">
      <UniqueIdentifier>{8941819b-f132-43aa-a191-79d1b16a5627}</UniqueIdentifier>
    </Filter>
    <Filter Include="Systems\Core">
      <UniqueIdentifier>{29fda0e4-cadd-4aaa-b153-08107e1c117a}</UniqueIdentifier>
    </Filter>
    <Filter Include="Systems\Graphics System">
      <UniqueIdentifier>{00abe410-29ee-43e8-8d85-3698f579a747}</UniqueIdentifier>
    </Filter>
    <Filter Include="Systems\Collision System">
      <UniqueIdentifier>{58d63559-1dc1-4c6f-a582-2274b0c1b090}</UniqueIdentifier>
    </Filter>
    <Filter Include="Systems\Graphics System\OpenGL">
      <UniqueIdentifier>{da167e66-4e84-4371-8b66-cef121cc7a4d}</UniqueIdentifier>
    </Filter>
    <Filter Include="Systems\Window">
      <UniqueIdentifier>{1078da96-0518-4f16-8a47-cfe00aadf54d}</UniqueIdentifier>
    </Filter>
    <Filter Include="Systems\Graphics System\DirectX 11">
      <UniqueIdentifier>{2ac0ff81-a40e-4bf4-a183-aafe702603fb}</UniqueIdentifier>
    </Filter>
    <Filter Include="Systems\Input">
      <UniqueIdentifier>{78efc5a4-5570-4cea-85f1-db5361c545f0}</UniqueIdentifier>
    </Filter>
    <Filter Include="Systems\Scripting">
      <UniqueIdentifier>{99ab19f1-3bae-425c-afea-ff1cbf9bc04f}</UniqueIdentifier>
    </Filter>
    <Filter Include="Systems\Time">
      <UniqueIdentifier>{87548351-dc46-4bd4-975c-42e95df0f12a}</UniqueIdentifier>
    </Filter>
    <Filter Include="Behaviour">
      <UniqueIdentifier>{05829b7b-58ff-43e2-9f0a-63fcb28fa87b}</UniqueIdentifier>
    </Filter>
    <Filter Include="Systems\Memory System">
      <UniqueIdentifier>{65fa1431-3144-4861-8786-8cd5bcc04edb}</UniqueIdentifier>
    </Filter>
    <Filter Include="Systems\Sound System">
      <UniqueIdentifier>{7e3d2b50-68b1-4bf7-a1c0-838e38dd2640}</UniqueIdentifier>
    </Filter>
    <Filter Include="Systems\Text System">
      <UniqueIdentifier>{0a4a2f74-db0b-436e-b406-349ff547f568}</UniqueIdentifier>
    </Filter>
    <Filter Include="Structures">
      <UniqueIdentifier>{ec12b70a-aad3-428e-9ef0-683128ef0fe5}</UniqueIdentifier>
    </Filter>
    <Filter Include="Systems\Scene Management">
      <UniqueIdentifier>{9d991945-cb45-4b2c-8354-ccdd8624cfaf}</UniqueIdentifier>
    </Filter>
    <Filter Include="Systems\Navigation">
      <UniqueIdentifier>{810141a1-d0b3-42d1-99c0-d2977e97aff0}</UniqueIdentifier>
    </Filter>
    <Filter Include="Systems\AI">
      <UniqueIdentifier>{32ae4b84-853b-4573-b3ef-e082a1220ff4}</UniqueIdentifier>
    </Filter>
    <Filter Include="Controller">
      <UniqueIdentifier>{d9dbd6f6-b77c-43b9-af90-e281a5012a3d}</UniqueIdentifier>
    </Filter>
    <Filter Include="Systems\AI\Task">
      <UniqueIdentifier>{b6866ccb-3459-4c25-a1bf-0c8dd9ee2739}</UniqueIdentifier>
    </Filter>
    <Filter Include="Systems\Debug">
      <UniqueIdentifier>{31d818b5-9a04-4f27-8fc3-1eb09d02e668}</UniqueIdentifier>
    </Filter>
  </ItemGroup>
  <ItemGroup>
    <Text Include="ReadMe.txt" />
  </ItemGroup>
  <ItemGroup>
    <ClInclude Include="Source\Base Components\AudioClip.h">
      <Filter>Base Components\Headers</Filter>
    </ClInclude>
    <ClInclude Include="Source\Base Components\AudioMixer.h">
      <Filter>Base Components\Headers</Filter>
    </ClInclude>
    <ClInclude Include="Source\Base Components\AudioSource.h">
      <Filter>Base Components\Headers</Filter>
    </ClInclude>
    <ClInclude Include="Source\Base Components\BoxCollider.h">
      <Filter>Base Components\Headers</Filter>
    </ClInclude>
    <ClInclude Include="Source\Base Components\Button.h">
      <Filter>Base Components\Headers</Filter>
    </ClInclude>
    <ClInclude Include="Source\Base Components\Canvas.h">
      <Filter>Base Components\Headers</Filter>
    </ClInclude>
    <ClInclude Include="Source\Base Components\Collider2D.h">
      <Filter>Base Components\Headers</Filter>
    </ClInclude>
    <ClInclude Include="Source\Base Components\Component.h">
      <Filter>Base Components\Headers</Filter>
    </ClInclude>
    <ClInclude Include="Source\Base Components\ComponentHeader.h">
      <Filter>Base Components\Headers</Filter>
    </ClInclude>
    <ClInclude Include="Source\Base Components\LinePrimitive.h">
      <Filter>Base Components\Headers</Filter>
    </ClInclude>
    <ClInclude Include="Source\Base Components\RavelObject.h">
      <Filter>Base Components\Headers</Filter>
    </ClInclude>
    <ClInclude Include="Source\Base Components\RectTransform.h">
      <Filter>Base Components\Headers</Filter>
    </ClInclude>
    <ClInclude Include="Source\Base Components\Script.h">
      <Filter>Base Components\Headers</Filter>
    </ClInclude>
    <ClInclude Include="Source\Base Components\Sprite2D.h">
      <Filter>Base Components\Headers</Filter>
    </ClInclude>
    <ClInclude Include="Source\Base Components\Text.h">
      <Filter>Base Components\Headers</Filter>
    </ClInclude>
    <ClInclude Include="Source\Base Components\Transform.h">
      <Filter>Base Components\Headers</Filter>
    </ClInclude>
    <ClInclude Include="Source\Behaviour\Behaviour.h">
      <Filter>Behaviour</Filter>
    </ClInclude>
    <ClInclude Include="Source\Behaviour\RavelBehaviour.h">
      <Filter>Behaviour</Filter>
    </ClInclude>
    <ClInclude Include="Source\Controller\Controller.h">
      <Filter>Controller</Filter>
    </ClInclude>
    <ClInclude Include="Source\Game Object\GameObject.h">
      <Filter>Game Object</Filter>
    </ClInclude>
    <ClInclude Include="Source\Game State Manager\GameState.h">
      <Filter>Game State Manager</Filter>
    </ClInclude>
    <ClInclude Include="Source\Game State Manager\GameStateManager.h">
      <Filter>Game State Manager</Filter>
    </ClInclude>
    <ClInclude Include="Source\Math\Matrix3x3.h">
      <Filter>Math</Filter>
    </ClInclude>
    <ClInclude Include="Source\Math\Matrix4x4.h">
      <Filter>Math</Filter>
    </ClInclude>
    <ClInclude Include="Source\Math\RavelMath.h">
      <Filter>Math</Filter>
    </ClInclude>
    <ClInclude Include="Source\Math\Vector2.h">
      <Filter>Math</Filter>
    </ClInclude>
    <ClInclude Include="Source\Math\Vector3.h">
      <Filter>Math</Filter>
    </ClInclude>
    <ClInclude Include="Source\Structures\Rect.h">
      <Filter>Structures</Filter>
    </ClInclude>
    <ClInclude Include="Source\Structures\Stuctures.h">
      <Filter>Structures</Filter>
    </ClInclude>
    <ClInclude Include="Source\Structures\types.h">
      <Filter>Structures</Filter>
    </ClInclude>
    <ClInclude Include="Source\Systems\Factory.h">
      <Filter>Systems</Filter>
    </ClInclude>
    <ClInclude Include="Source\Systems\System.h">
      <Filter>Systems</Filter>
    </ClInclude>
    <ClInclude Include="Source\Systems\AI\BehaviourTree.h">
      <Filter>Systems\AI</Filter>
    </ClInclude>
    <ClInclude Include="Source\Systems\AI\Blackboard.h">
      <Filter>Systems\AI</Filter>
    </ClInclude>
    <ClInclude Include="Source\Systems\AI\BTNode.h">
      <Filter>Systems\AI</Filter>
    </ClInclude>
    <ClInclude Include="Source\Systems\Collision System\CollisionManager.h">
      <Filter>Systems\Collision System</Filter>
    </ClInclude>
    <ClInclude Include="Source\Systems\Collision System\RavelRect.h">
      <Filter>Systems\Collision System</Filter>
    </ClInclude>
    <ClInclude Include="Source\Systems\Collision System\SpatialHash.h">
      <Filter>Systems\Collision System</Filter>
    </ClInclude>
    <ClInclude Include="Source\Systems\Core\RavelEngine.h">
      <Filter>Systems\Core</Filter>
    </ClInclude>
    <ClInclude Include="Source\Systems\Graphics System\DirectX 11\DirectX11.h">
      <Filter>Systems\Graphics System\DirectX 11</Filter>
    </ClInclude>
    <ClInclude Include="Source\Systems\Graphics System\OpenGL\OpenGL.h">
      <Filter>Systems\Graphics System\OpenGL</Filter>
    </ClInclude>
    <ClInclude Include="Source\Systems\Graphics System\GraphicsAPI.h">
      <Filter>Systems\Graphics System</Filter>
    </ClInclude>
    <ClInclude Include="Source\Systems\Graphics System\GraphicsManager.h">
      <Filter>Systems\Graphics System</Filter>
    </ClInclude>
    <ClInclude Include="Source\Systems\Input\Input.h">
      <Filter>Systems\Input</Filter>
    </ClInclude>
    <ClInclude Include="Source\Systems\Memory System\MemoryManager.h">
      <Filter>Systems\Memory System</Filter>
    </ClInclude>
    <ClInclude Include="Source\Systems\Navigation\NavMesh.h">
      <Filter>Systems\Navigation</Filter>
    </ClInclude>
    <ClInclude Include="Source\Base Components\NavMeshBoundVolume.h">
      <Filter>Base Components\Headers</Filter>
    </ClInclude>
    <ClInclude Include="Source\Systems\Scene Management\Scene.h">
      <Filter>Systems\Scene Management</Filter>
    </ClInclude>
    <ClInclude Include="Source\Systems\Scene Management\SceneManager.h">
      <Filter>Systems\Scene Management</Filter>
    </ClInclude>
    <ClInclude Include="Source\Systems\Scripting\ScriptManager.h">
      <Filter>Systems\Scripting</Filter>
    </ClInclude>
    <ClInclude Include="Source\Systems\Sound System\AudioManager.h">
      <Filter>Systems\Sound System</Filter>
    </ClInclude>
    <ClInclude Include="Source\Systems\Text System\Font.h">
      <Filter>Systems\Text System</Filter>
    </ClInclude>
    <ClInclude Include="Source\Systems\Time\RavelTime.h">
      <Filter>Systems\Time</Filter>
    </ClInclude>
    <ClInclude Include="Source\Systems\Window\WindowsHandle.h">
      <Filter>Systems\Window</Filter>
    </ClInclude>
    <ClInclude Include="Source\Systems\AI\Task\PrintTask.h">
      <Filter>Systems\AI\Task</Filter>
    </ClInclude>
    <ClInclude Include="Source\Systems\Debug\RavelLogger.h">
      <Filter>Systems\Debug</Filter>
    </ClInclude>
    <ClInclude Include="Source\Systems\AI\Task\Tasks.h">
      <Filter>Systems\AI\Task</Filter>
    </ClInclude>
    <ClInclude Include="Source\Controller\PlayerController.h">
      <Filter>Controller</Filter>
    </ClInclude>
    <ClInclude Include="Source\Controller\AIController.h">
      <Filter>Controller</Filter>
    </ClInclude>
    <ClInclude Include="Source\Systems\Input\RawInput.h">
      <Filter>Systems\Input</Filter>
    </ClInclude>
  </ItemGroup>
  <ItemGroup>
    <ClCompile Include="Source\Base Components\AudioClip.cpp">
      <Filter>Base Components\Source</Filter>
    </ClCompile>
    <ClCompile Include="Source\Base Components\AudioMixer.cpp">
      <Filter>Base Components\Source</Filter>
    </ClCompile>
    <ClCompile Include="Source\Base Components\AudioSource.cpp">
      <Filter>Base Components\Source</Filter>
    </ClCompile>
    <ClCompile Include="Source\Base Components\BoxCollider.cpp">
      <Filter>Base Components\Source</Filter>
    </ClCompile>
    <ClCompile Include="Source\Base Components\Canvas.cpp">
      <Filter>Base Components\Source</Filter>
    </ClCompile>
    <ClCompile Include="Source\Base Components\Collider2D.cpp">
      <Filter>Base Components\Source</Filter>
    </ClCompile>
    <ClCompile Include="Source\Base Components\Component.cpp">
      <Filter>Base Components\Source</Filter>
    </ClCompile>
    <ClCompile Include="Source\Base Components\LinePrimitive.cpp">
      <Filter>Base Components\Source</Filter>
    </ClCompile>
    <ClCompile Include="Source\Base Components\RectTransform.cpp">
      <Filter>Base Components\Source</Filter>
    </ClCompile>
    <ClCompile Include="Source\Base Components\Script.cpp">
      <Filter>Base Components\Source</Filter>
    </ClCompile>
    <ClCompile Include="Source\Base Components\Sprite2D.cpp">
      <Filter>Base Components\Source</Filter>
    </ClCompile>
    <ClCompile Include="Source\Base Components\Text.cpp">
      <Filter>Base Components\Source</Filter>
    </ClCompile>
    <ClCompile Include="Source\Base Components\Transform.cpp">
      <Filter>Base Components\Source</Filter>
    </ClCompile>
    <ClCompile Include="Source\Behaviour\Behaviour.cpp">
      <Filter>Behaviour</Filter>
    </ClCompile>
    <ClCompile Include="Source\Game Object\GameObject.cpp">
      <Filter>Game Object</Filter>
    </ClCompile>
    <ClCompile Include="Source\Game State Manager\GameStateManager.cpp">
      <Filter>Game State Manager</Filter>
    </ClCompile>
    <ClCompile Include="Source\Math\Matrix3x3.cpp">
      <Filter>Math</Filter>
    </ClCompile>
    <ClCompile Include="Source\Math\Matrix4x4.cpp">
      <Filter>Math</Filter>
    </ClCompile>
    <ClCompile Include="Source\Math\Vector2.cpp">
      <Filter>Math</Filter>
    </ClCompile>
    <ClCompile Include="Source\Math\Vector3.cpp">
      <Filter>Math</Filter>
    </ClCompile>
    <ClCompile Include="Source\Structures\Rect.cpp">
      <Filter>Structures</Filter>
    </ClCompile>
    <ClCompile Include="Source\Systems\Factory.cpp">
      <Filter>Systems</Filter>
    </ClCompile>
    <ClCompile Include="Source\Systems\AI\BehaviourTree.cpp">
      <Filter>Systems\AI</Filter>
    </ClCompile>
    <ClCompile Include="Source\Systems\AI\Blackboard.cpp">
      <Filter>Systems\AI</Filter>
    </ClCompile>
    <ClCompile Include="Source\Systems\AI\BTNode.cpp">
      <Filter>Systems\AI</Filter>
    </ClCompile>
    <ClCompile Include="Source\Systems\Collision System\CollisionManager.cpp">
      <Filter>Systems\Collision System</Filter>
    </ClCompile>
    <ClCompile Include="Source\Systems\Collision System\RavelRect.cpp">
      <Filter>Systems\Collision System</Filter>
    </ClCompile>
    <ClCompile Include="Source\Systems\Collision System\SpatialHash.cpp">
      <Filter>Systems\Collision System</Filter>
    </ClCompile>
    <ClCompile Include="Source\Systems\Core\RavelEngine.cpp">
      <Filter>Systems\Core</Filter>
    </ClCompile>
    <ClCompile Include="Source\Systems\Graphics System\DirectX 11\DirectX11.cpp">
      <Filter>Systems\Graphics System\DirectX 11</Filter>
    </ClCompile>
    <ClCompile Include="Source\Systems\Graphics System\OpenGL\OpenGL.cpp">
      <Filter>Systems\Graphics System\OpenGL</Filter>
    </ClCompile>
    <ClCompile Include="Source\Systems\Graphics System\GraphicsManager.cpp">
      <Filter>Systems\Graphics System</Filter>
    </ClCompile>
    <ClCompile Include="Source\Systems\Input\Input.cpp">
      <Filter>Systems\Input</Filter>
    </ClCompile>
    <ClCompile Include="Source\Systems\Memory System\MemoryManager.cpp">
      <Filter>Systems\Memory System</Filter>
    </ClCompile>
    <ClCompile Include="Source\Systems\Navigation\NavMesh.cpp">
      <Filter>Systems\Navigation</Filter>
    </ClCompile>
    <ClCompile Include="Source\Base Components\NavMeshBoundVolume.cpp">
      <Filter>Base Components\Source</Filter>
    </ClCompile>
    <ClCompile Include="Source\Systems\Scene Management\SceneManager.cpp">
      <Filter>Systems\Scene Management</Filter>
    </ClCompile>
    <ClCompile Include="Source\Systems\Scripting\ScriptFunction.cpp">
      <Filter>Systems\Scripting</Filter>
    </ClCompile>
    <ClCompile Include="Source\Systems\Scripting\ScriptManager.cpp">
      <Filter>Systems\Scripting</Filter>
    </ClCompile>
    <ClCompile Include="Source\Systems\Sound System\AudioManager.cpp">
      <Filter>Systems\Sound System</Filter>
    </ClCompile>
    <ClCompile Include="Source\Systems\Text System\Font.cpp">
      <Filter>Systems\Text System</Filter>
    </ClCompile>
    <ClCompile Include="Source\Systems\Time\RavelTime.cpp">
      <Filter>Systems\Time</Filter>
    </ClCompile>
    <ClCompile Include="Source\Systems\Window\WindowsHandle.cpp">
      <Filter>Systems\Window</Filter>
    </ClCompile>
    <ClCompile Include="Source\Systems\AI\Task\PrintTask.cpp">
      <Filter>Systems\AI\Task</Filter>
    </ClCompile>
    <ClCompile Include="Source\Systems\AI\Task\Tasks.cpp">
      <Filter>Systems\AI\Task</Filter>
    </ClCompile>
    <ClCompile Include="Source\Systems\Debug\RavelLogger.cpp">
      <Filter>Systems\Debug</Filter>
    </ClCompile>
    <ClCompile Include="Source\Controller\Controller.cpp">
      <Filter>Controller</Filter>
    </ClCompile>
    <ClCompile Include="Source\Controller\PlayerController.cpp">
      <Filter>Controller</Filter>
    </ClCompile>
    <ClCompile Include="Source\Controller\AIController.cpp">
      <Filter>Controller</Filter>
    </ClCompile>
    <ClCompile Include="Source\Systems\Input\RawInput.cpp">
      <Filter>Systems\Input</Filter>
    </ClCompile>
  </ItemGroup>
</Project>